
Microsoft Visual Studio Solution File, Format Version 12.00
# Visual Studio Version 16
VisualStudioVersion = 16.0.34601.136
MinimumVisualStudioVersion = 10.0.40219.1
Project("{FAE04EC0-301F-11D3-BF4B-00C04F79EFBC}") = "test3", "ConsoleApp1\test3.csproj", "{83B13C99-2F65-4F6E-BD03-08E80790B3C5}"
EndProject
Global
	GlobalSection(SolutionConfigurationPlatforms) = preSolution
		Debug|Any CPU = Debug|Any CPU
		Release|Any CPU = Release|Any CPU
	EndGlobalSection
	GlobalSection(ProjectConfigurationPlatforms) = postSolution
		{83B13C99-2F65-4F6E-BD03-08E80790B3C5}.Debug|Any CPU.ActiveCfg = Debug|Any CPU
		{83B13C99-2F65-4F6E-BD03-08E80790B3C5}.Debug|Any CPU.Build.0 = Debug|Any CPU
		{83B13C99-2F65-4F6E-BD03-08E80790B3C5}.Release|Any CPU.ActiveCfg = Release|Any CPU
		{83B13C99-2F65-4F6E-BD03-08E80790B3C5}.Release|Any CPU.Build.0 = Release|Any CPU
	EndGlobalSection
	GlobalSection(SolutionProperties) = preSolution
		HideSolutionNode = FALSE
	EndGlobalSection
	GlobalSection(ExtensibilityGlobals) = postSolution
		SolutionGuid = {24BFDA55-4185-408D-8644-DE4C1AFE8186}
	EndGlobalSection
EndGlobal
