
Microsoft Visual Studio Solution File, Format Version 12.00
# Visual Studio Version 16
VisualStudioVersion = 16.0.34601.136
MinimumVisualStudioVersion = 10.0.40219.1
Project("{FAE04EC0-301F-11D3-BF4B-00C04F79EFBC}") = "test1", "ques1\test1.csproj", "{C129EC73-7E99-43B2-996E-88B177B73B20}"
EndProject
Global
	GlobalSection(SolutionConfigurationPlatforms) = preSolution
		Debug|Any CPU = Debug|Any CPU
		Release|Any CPU = Release|Any CPU
	EndGlobalSection
	GlobalSection(ProjectConfigurationPlatforms) = postSolution
		{C129EC73-7E99-43B2-996E-88B177B73B20}.Debug|Any CPU.ActiveCfg = Debug|Any CPU
		{C129EC73-7E99-43B2-996E-88B177B73B20}.Debug|Any CPU.Build.0 = Debug|Any CPU
		{C129EC73-7E99-43B2-996E-88B177B73B20}.Release|Any CPU.ActiveCfg = Release|Any CPU
		{C129EC73-7E99-43B2-996E-88B177B73B20}.Release|Any CPU.Build.0 = Release|Any CPU
	EndGlobalSection
	GlobalSection(SolutionProperties) = preSolution
		HideSolutionNode = FALSE
	EndGlobalSection
	GlobalSection(ExtensibilityGlobals) = postSolution
		SolutionGuid = {185138AF-039B-45A7-8DA7-EE43786D1018}
	EndGlobalSection
EndGlobal
