
Microsoft Visual Studio Solution File, Format Version 12.00
# Visual Studio Version 16
VisualStudioVersion = 16.0.34601.136
MinimumVisualStudioVersion = 10.0.40219.1
Project("{FAE04EC0-301F-11D3-BF4B-00C04F79EFBC}") = "lambda", "lambda\lambda.csproj", "{27B6F4F4-01DA-4E3E-9D0B-8C01AF0BDDB7}"
EndProject
Global
	GlobalSection(SolutionConfigurationPlatforms) = preSolution
		Debug|Any CPU = Debug|Any CPU
		Release|Any CPU = Release|Any CPU
	EndGlobalSection
	GlobalSection(ProjectConfigurationPlatforms) = postSolution
		{27B6F4F4-01DA-4E3E-9D0B-8C01AF0BDDB7}.Debug|Any CPU.ActiveCfg = Debug|Any CPU
		{27B6F4F4-01DA-4E3E-9D0B-8C01AF0BDDB7}.Debug|Any CPU.Build.0 = Debug|Any CPU
		{27B6F4F4-01DA-4E3E-9D0B-8C01AF0BDDB7}.Release|Any CPU.ActiveCfg = Release|Any CPU
		{27B6F4F4-01DA-4E3E-9D0B-8C01AF0BDDB7}.Release|Any CPU.Build.0 = Release|Any CPU
	EndGlobalSection
	GlobalSection(SolutionProperties) = preSolution
		HideSolutionNode = FALSE
	EndGlobalSection
	GlobalSection(ExtensibilityGlobals) = postSolution
		SolutionGuid = {08849C50-ECD3-47B2-B141-A40C27B3891D}
	EndGlobalSection
EndGlobal
